
Microsoft Visual Studio Solution File, Format Version 12.00
# Visual Studio Version 17
VisualStudioVersion = 17.10.34928.147
MinimumVisualStudioVersion = 10.0.40219.1
Project("{FAE04EC0-301F-11D3-BF4B-00C04F79EFBC}") = "ProjectMaker", "ProjectMaker\ProjectMaker.csproj", "{61C0B410-EA9B-4F0A-A78A-52EA1ED18CF2}"
EndProject
Global
	GlobalSection(SolutionConfigurationPlatforms) = preSolution
		Debug|Any CPU = Debug|Any CPU
		Release|Any CPU = Release|Any CPU
	EndGlobalSection
	GlobalSection(ProjectConfigurationPlatforms) = postSolution
		{61C0B410-EA9B-4F0A-A78A-52EA1ED18CF2}.Debug|Any CPU.ActiveCfg = Debug|Any CPU
		{61C0B410-EA9B-4F0A-A78A-52EA1ED18CF2}.Debug|Any CPU.Build.0 = Debug|Any CPU
		{61C0B410-EA9B-4F0A-A78A-52EA1ED18CF2}.Release|Any CPU.ActiveCfg = Release|Any CPU
		{61C0B410-EA9B-4F0A-A78A-52EA1ED18CF2}.Release|Any CPU.Build.0 = Release|Any CPU
	EndGlobalSection
	GlobalSection(SolutionProperties) = preSolution
		HideSolutionNode = FALSE
	EndGlobalSection
	GlobalSection(ExtensibilityGlobals) = postSolution
		SolutionGuid = {40A2323D-DCFF-46C1-8A95-D07055137B21}
	EndGlobalSection
EndGlobal
